
Microsoft Visual Studio Solution File, Format Version 12.00
# Visual Studio Version 16
VisualStudioVersion = 16.0.30413.136
MinimumVisualStudioVersion = 10.0.40219.1
Project("{888888A0-9F3D-457C-B088-3A5042F75D52}") = "login process", "login process\login process.pyproj", "{239E0BE2-E493-4BAB-A773-AE63FD049DFD}"
EndProject
Global
	GlobalSection(SolutionConfigurationPlatforms) = preSolution
		Debug|Any CPU = Debug|Any CPU
		Release|Any CPU = Release|Any CPU
	EndGlobalSection
	GlobalSection(ProjectConfigurationPlatforms) = postSolution
		{239E0BE2-E493-4BAB-A773-AE63FD049DFD}.Debug|Any CPU.ActiveCfg = Debug|Any CPU
		{239E0BE2-E493-4BAB-A773-AE63FD049DFD}.Release|Any CPU.ActiveCfg = Release|Any CPU
	EndGlobalSection
	GlobalSection(SolutionProperties) = preSolution
		HideSolutionNode = FALSE
	EndGlobalSection
	GlobalSection(ExtensibilityGlobals) = postSolution
		SolutionGuid = {A749B927-E70E-4F77-B811-77B303F02E6A}
	EndGlobalSection
EndGlobal
